
Microsoft Visual Studio Solution File, Format Version 12.00
# Visual Studio 15
VisualStudioVersion = 15.0.26730.16
MinimumVisualStudioVersion = 10.0.40219.1
Project("{FAE04EC0-301F-11D3-BF4B-00C04F79EFBC}") = "JaCoCoReader", "JaCoCoReader\JaCoCoReader.csproj", "{4D1535F7-E411-4B46-8D28-2ABABFD6E7C7}"
EndProject
Global
	GlobalSection(SolutionConfigurationPlatforms) = preSolution
		Debug|Any CPU = Debug|Any CPU
		Release|Any CPU = Release|Any CPU
	EndGlobalSection
	GlobalSection(ProjectConfigurationPlatforms) = postSolution
		{4D1535F7-E411-4B46-8D28-2ABABFD6E7C7}.Debug|Any CPU.ActiveCfg = Debug|Any CPU
		{4D1535F7-E411-4B46-8D28-2ABABFD6E7C7}.Debug|Any CPU.Build.0 = Debug|Any CPU
		{4D1535F7-E411-4B46-8D28-2ABABFD6E7C7}.Release|Any CPU.ActiveCfg = Release|Any CPU
		{4D1535F7-E411-4B46-8D28-2ABABFD6E7C7}.Release|Any CPU.Build.0 = Release|Any CPU
	EndGlobalSection
	GlobalSection(SolutionProperties) = preSolution
		HideSolutionNode = FALSE
	EndGlobalSection
	GlobalSection(ExtensibilityGlobals) = postSolution
		SolutionGuid = {4D632135-051A-450E-BCBE-D20F2E2F4FCA}
	EndGlobalSection
EndGlobal
