
Microsoft Visual Studio Solution File, Format Version 12.00
# Visual Studio 15
VisualStudioVersion = 15.0.27004.2005
MinimumVisualStudioVersion = 10.0.40219.1
Project("{FAE04EC0-301F-11D3-BF4B-00C04F79EFBC}") = "JaCoCoReader", "JaCoCoReader\JaCoCoReader.csproj", "{4D1535F7-E411-4B46-8D28-2ABABFD6E7C7}"
EndProject
Project("{54435603-DBB4-11D2-8724-00A0C9A8B90C}") = "JaCoCoReader.Setup", "JaCoCoReader.Setup\JaCoCoReader.Setup.vdproj", "{77DCED28-93AD-4D3B-A809-0A6CB36E75B6}"
EndProject
Project("{FAE04EC0-301F-11D3-BF4B-00C04F79EFBC}") = "JaCoCoReader.UnitTest", "JaCoCoReader.UnitTest\JaCoCoReader.UnitTest.csproj", "{1E42F215-E5D7-433C-945A-E6BCD5A4E2CF}"
EndProject
Project("{FAE04EC0-301F-11D3-BF4B-00C04F79EFBC}") = "JaCoCoReader.Core", "JaCoCoReader.Core\JaCoCoReader.Core.csproj", "{5ADF6383-6E0C-4C8C-9B67-67E2F9BFE7EA}"
EndProject
Project("{FAE04EC0-301F-11D3-BF4B-00C04F79EFBC}") = "JaCoCoReader.VisualStudio", "JaCoCoReader.VisualStudio\JaCoCoReader.VisualStudio.csproj", "{9D42491C-7C38-4C22-B256-E78401EB405D}"
EndProject
Global
	GlobalSection(SolutionConfigurationPlatforms) = preSolution
		Debug|Any CPU = Debug|Any CPU
		Release|Any CPU = Release|Any CPU
	EndGlobalSection
	GlobalSection(ProjectConfigurationPlatforms) = postSolution
		{4D1535F7-E411-4B46-8D28-2ABABFD6E7C7}.Debug|Any CPU.ActiveCfg = Debug|Any CPU
		{4D1535F7-E411-4B46-8D28-2ABABFD6E7C7}.Debug|Any CPU.Build.0 = Debug|Any CPU
		{4D1535F7-E411-4B46-8D28-2ABABFD6E7C7}.Release|Any CPU.ActiveCfg = Release|Any CPU
		{4D1535F7-E411-4B46-8D28-2ABABFD6E7C7}.Release|Any CPU.Build.0 = Release|Any CPU
		{77DCED28-93AD-4D3B-A809-0A6CB36E75B6}.Debug|Any CPU.ActiveCfg = Debug
		{77DCED28-93AD-4D3B-A809-0A6CB36E75B6}.Release|Any CPU.ActiveCfg = Release
		{1E42F215-E5D7-433C-945A-E6BCD5A4E2CF}.Debug|Any CPU.ActiveCfg = Debug|Any CPU
		{1E42F215-E5D7-433C-945A-E6BCD5A4E2CF}.Debug|Any CPU.Build.0 = Debug|Any CPU
		{1E42F215-E5D7-433C-945A-E6BCD5A4E2CF}.Release|Any CPU.ActiveCfg = Release|Any CPU
		{1E42F215-E5D7-433C-945A-E6BCD5A4E2CF}.Release|Any CPU.Build.0 = Release|Any CPU
		{5ADF6383-6E0C-4C8C-9B67-67E2F9BFE7EA}.Debug|Any CPU.ActiveCfg = Debug|Any CPU
		{5ADF6383-6E0C-4C8C-9B67-67E2F9BFE7EA}.Debug|Any CPU.Build.0 = Debug|Any CPU
		{5ADF6383-6E0C-4C8C-9B67-67E2F9BFE7EA}.Release|Any CPU.ActiveCfg = Release|Any CPU
		{5ADF6383-6E0C-4C8C-9B67-67E2F9BFE7EA}.Release|Any CPU.Build.0 = Release|Any CPU
		{9D42491C-7C38-4C22-B256-E78401EB405D}.Debug|Any CPU.ActiveCfg = Debug|Any CPU
		{9D42491C-7C38-4C22-B256-E78401EB405D}.Debug|Any CPU.Build.0 = Debug|Any CPU
		{9D42491C-7C38-4C22-B256-E78401EB405D}.Release|Any CPU.ActiveCfg = Release|Any CPU
		{9D42491C-7C38-4C22-B256-E78401EB405D}.Release|Any CPU.Build.0 = Release|Any CPU
	EndGlobalSection
	GlobalSection(SolutionProperties) = preSolution
		HideSolutionNode = FALSE
	EndGlobalSection
	GlobalSection(ExtensibilityGlobals) = postSolution
		SolutionGuid = {4D632135-051A-450E-BCBE-D20F2E2F4FCA}
	EndGlobalSection
EndGlobal
